
Microsoft Visual Studio Solution File, Format Version 12.00
# Visual Studio Version 17
VisualStudioVersion = 17.13.35818.85 d17.13
MinimumVisualStudioVersion = 10.0.40219.1
Project("{FAE04EC0-301F-11D3-BF4B-00C04F79EFBC}") = "WaterLevelMonitor", "WaterLevelMonitor\WaterLevelMonitor.csproj", "{3174D36C-62CD-43C8-BBCC-B33A001105FA}"
EndProject
Global
	GlobalSection(SolutionConfigurationPlatforms) = preSolution
		Debug|Any CPU = Debug|Any CPU
		Release|Any CPU = Release|Any CPU
	EndGlobalSection
	GlobalSection(ProjectConfigurationPlatforms) = postSolution
		{3174D36C-62CD-43C8-BBCC-B33A001105FA}.Debug|Any CPU.ActiveCfg = Debug|Any CPU
		{3174D36C-62CD-43C8-BBCC-B33A001105FA}.Debug|Any CPU.Build.0 = Debug|Any CPU
		{3174D36C-62CD-43C8-BBCC-B33A001105FA}.Release|Any CPU.ActiveCfg = Release|Any CPU
		{3174D36C-62CD-43C8-BBCC-B33A001105FA}.Release|Any CPU.Build.0 = Release|Any CPU
	EndGlobalSection
	GlobalSection(SolutionProperties) = preSolution
		HideSolutionNode = FALSE
	EndGlobalSection
	GlobalSection(ExtensibilityGlobals) = postSolution
		SolutionGuid = {9421874E-EF3D-41E8-A324-C4423AC49C59}
	EndGlobalSection
EndGlobal
